
Microsoft Visual Studio Solution File, Format Version 11.00
# Visual Studio 2010
Project("{FAE04EC0-301F-11D3-BF4B-00C04F79EFBC}") = "ExcelPraice", "ExcelPraice\ExcelPraice.csproj", "{1965D15D-FA5C-4A85-8D6E-8C17D4158B6E}"
EndProject
Global
	GlobalSection(SolutionConfigurationPlatforms) = preSolution
		Debug|x86 = Debug|x86
		Release|x86 = Release|x86
	EndGlobalSection
	GlobalSection(ProjectConfigurationPlatforms) = postSolution
		{1965D15D-FA5C-4A85-8D6E-8C17D4158B6E}.Debug|x86.ActiveCfg = Debug|x86
		{1965D15D-FA5C-4A85-8D6E-8C17D4158B6E}.Debug|x86.Build.0 = Debug|x86
		{1965D15D-FA5C-4A85-8D6E-8C17D4158B6E}.Release|x86.ActiveCfg = Release|x86
		{1965D15D-FA5C-4A85-8D6E-8C17D4158B6E}.Release|x86.Build.0 = Release|x86
	EndGlobalSection
	GlobalSection(SolutionProperties) = preSolution
		HideSolutionNode = FALSE
	EndGlobalSection
EndGlobal
